
Microsoft Visual Studio Solution File, Format Version 12.00
# Visual Studio Version 17
VisualStudioVersion = 17.0.31912.275
MinimumVisualStudioVersion = 10.0.40219.1
Project("{FAE04EC0-301F-11D3-BF4B-00C04F79EFBC}") = "DAQ-Review", "DAQ-Review\DAQ-Review.csproj", "{31191E50-AAB0-4B9B-B963-6A44EFEDFC65}"
EndProject
Global
	GlobalSection(SolutionConfigurationPlatforms) = preSolution
		Debug|Any CPU = Debug|Any CPU
		Release|Any CPU = Release|Any CPU
	EndGlobalSection
	GlobalSection(ProjectConfigurationPlatforms) = postSolution
		{31191E50-AAB0-4B9B-B963-6A44EFEDFC65}.Debug|Any CPU.ActiveCfg = Debug|Any CPU
		{31191E50-AAB0-4B9B-B963-6A44EFEDFC65}.Debug|Any CPU.Build.0 = Debug|Any CPU
		{31191E50-AAB0-4B9B-B963-6A44EFEDFC65}.Release|Any CPU.ActiveCfg = Release|Any CPU
		{31191E50-AAB0-4B9B-B963-6A44EFEDFC65}.Release|Any CPU.Build.0 = Release|Any CPU
	EndGlobalSection
	GlobalSection(SolutionProperties) = preSolution
		HideSolutionNode = FALSE
	EndGlobalSection
	GlobalSection(ExtensibilityGlobals) = postSolution
		SolutionGuid = {5E500FC4-638C-4EA4-B93F-D682EF99B15E}
	EndGlobalSection
EndGlobal
